
Microsoft Visual Studio Solution File, Format Version 12.00
Project("{FAE04EC0-301F-11D3-BF4B-00C04F79EFBC}") = "SourceAi", "SourceAi\SourceAi.csproj", "{6AF761E6-4FA9-4C24-8B07-ED8687CDBD62}"
EndProject
Project("{FAE04EC0-301F-11D3-BF4B-00C04F79EFBC}") = "SourceAi.Demo", "SourceAi.Demo\SourceAi.Demo.csproj", "{EA45FDAA-AF74-4241-93EB-64B10446F1BA}"
EndProject
Global
	GlobalSection(SolutionConfigurationPlatforms) = preSolution
		Debug|Any CPU = Debug|Any CPU
		Release|Any CPU = Release|Any CPU
	EndGlobalSection
	GlobalSection(ProjectConfigurationPlatforms) = postSolution
		{6AF761E6-4FA9-4C24-8B07-ED8687CDBD62}.Debug|Any CPU.ActiveCfg = Debug|Any CPU
		{6AF761E6-4FA9-4C24-8B07-ED8687CDBD62}.Debug|Any CPU.Build.0 = Debug|Any CPU
		{6AF761E6-4FA9-4C24-8B07-ED8687CDBD62}.Release|Any CPU.ActiveCfg = Release|Any CPU
		{6AF761E6-4FA9-4C24-8B07-ED8687CDBD62}.Release|Any CPU.Build.0 = Release|Any CPU
		{EA45FDAA-AF74-4241-93EB-64B10446F1BA}.Debug|Any CPU.ActiveCfg = Debug|Any CPU
		{EA45FDAA-AF74-4241-93EB-64B10446F1BA}.Debug|Any CPU.Build.0 = Debug|Any CPU
		{EA45FDAA-AF74-4241-93EB-64B10446F1BA}.Release|Any CPU.ActiveCfg = Release|Any CPU
		{EA45FDAA-AF74-4241-93EB-64B10446F1BA}.Release|Any CPU.Build.0 = Release|Any CPU
	EndGlobalSection
EndGlobal
